// !$*UTF8*$!
{
	archiveVersion = 1;
	classes = {
	};
	objectVersion = 46;
	objects = {

/* Begin PBXBuildFile section */
		142E4DA0131C0EBF009C5F03 /* UIKit.framework in Frameworks */ = {isa = PBXBuildFile; fileRef = 142E4D9F131C0EBF009C5F03 /* UIKit.framework */; };
		142E4DA2131C0EBF009C5F03 /* Foundation.framework in Frameworks */ = {isa = PBXBuildFile; fileRef = 142E4DA1131C0EBF009C5F03 /* Foundation.framework */; };
		142E4DA4131C0EBF009C5F03 /* CoreGraphics.framework in Frameworks */ = {isa = PBXBuildFile; fileRef = 142E4DA3131C0EBF009C5F03 /* CoreGraphics.framework */; };
		142E4DAA131C0EBF009C5F03 /* InfoPlist.strings in Resources */ = {isa = PBXBuildFile; fileRef = 142E4DA8131C0EBF009C5F03 /* InfoPlist.strings */; };
		142E4DAD131C0EBF009C5F03 /* main.m in Sources */ = {isa = PBXBuildFile; fileRef = 142E4DAC131C0EBF009C5F03 /* main.m */; };
		142E4DB0131C0EBF009C5F03 /* LoaderAppDelegate.m in Sources */ = {isa = PBXBuildFile; fileRef = 142E4DAF131C0EBF009C5F03 /* LoaderAppDelegate.m */; };
		142E4DB3131C0EBF009C5F03 /* MainWindow.xib in Resources */ = {isa = PBXBuildFile; fileRef = 142E4DB1131C0EBF009C5F03 /* MainWindow.xib */; };
		142E4DB6131C0EBF009C5F03 /* LoaderViewController.m in Sources */ = {isa = PBXBuildFile; fileRef = 142E4DB5131C0EBF009C5F03 /* LoaderViewController.m */; };
		142E4DB9131C0EBF009C5F03 /* LoaderViewController.xib in Resources */ = {isa = PBXBuildFile; fileRef = 142E4DB7131C0EBF009C5F03 /* LoaderViewController.xib */; };
		142E4DD9131C0F59009C5F03 /* GLView.m in Sources */ = {isa = PBXBuildFile; fileRef = 142E4DC9131C0F59009C5F03 /* GLView.m */; };
		142E4DDA131C0F59009C5F03 /* MyGLView.m in Sources */ = {isa = PBXBuildFile; fileRef = 142E4DCB131C0F59009C5F03 /* MyGLView.m */; };
		142E4DDB131C0F59009C5F03 /* OpenGLTexture3D.m in Sources */ = {isa = PBXBuildFile; fileRef = 142E4DCF131C0F59009C5F03 /* OpenGLTexture3D.m */; };
		142E4DDC131C0F59009C5F03 /* OpenGLWaveFrontGroup.m in Sources */ = {isa = PBXBuildFile; fileRef = 142E4DD2131C0F59009C5F03 /* OpenGLWaveFrontGroup.m */; };
		142E4DDD131C0F59009C5F03 /* OpenGLWaveFrontMaterial.m in Sources */ = {isa = PBXBuildFile; fileRef = 142E4DD4131C0F59009C5F03 /* OpenGLWaveFrontMaterial.m */; };
		142E4DDE131C0F59009C5F03 /* OpenGLWaveFrontObject.m in Sources */ = {isa = PBXBuildFile; fileRef = 142E4DD6131C0F59009C5F03 /* OpenGLWaveFrontObject.m */; };
		142E4DEB131C1067009C5F03 /* OpenGLES.framework in Frameworks */ = {isa = PBXBuildFile; fileRef = 142E4DEA131C1067009C5F03 /* OpenGLES.framework */; };
		142E4DED131C106E009C5F03 /* QuartzCore.framework in Frameworks */ = {isa = PBXBuildFile; fileRef = 142E4DEC131C106E009C5F03 /* QuartzCore.framework */; };
/* End PBXBuildFile section */

/* Begin PBXFileReference section */
		142E4D9B131C0EBF009C5F03 /* Loader.app */ = {isa = PBXFileReference; explicitFileType = wrapper.application; includeInIndex = 0; path = Loader.app; sourceTree = BUILT_PRODUCTS_DIR; };
		142E4D9F131C0EBF009C5F03 /* UIKit.framework */ = {isa = PBXFileReference; lastKnownFileType = wrapper.framework; name = UIKit.framework; path = System/Library/Frameworks/UIKit.framework; sourceTree = SDKROOT; };
		142E4DA1131C0EBF009C5F03 /* Foundation.framework */ = {isa = PBXFileReference; lastKnownFileType = wrapper.framework; name = Foundation.framework; path = System/Library/Frameworks/Foundation.framework; sourceTree = SDKROOT; };
		142E4DA3131C0EBF009C5F03 /* CoreGraphics.framework */ = {isa = PBXFileReference; lastKnownFileType = wrapper.framework; name = CoreGraphics.framework; path = System/Library/Frameworks/CoreGraphics.framework; sourceTree = SDKROOT; };
		142E4DA7131C0EBF009C5F03 /* Loader-Info.plist */ = {isa = PBXFileReference; lastKnownFileType = text.plist.xml; path = "Loader-Info.plist"; sourceTree = "<group>"; };
		142E4DA9131C0EBF009C5F03 /* en */ = {isa = PBXFileReference; lastKnownFileType = text.plist.strings; name = en; path = en.lproj/InfoPlist.strings; sourceTree = "<group>"; };
		142E4DAB131C0EBF009C5F03 /* Loader-Prefix.pch */ = {isa = PBXFileReference; lastKnownFileType = sourcecode.c.h; path = "Loader-Prefix.pch"; sourceTree = "<group>"; };
		142E4DAC131C0EBF009C5F03 /* main.m */ = {isa = PBXFileReference; lastKnownFileType = sourcecode.c.objc; path = main.m; sourceTree = "<group>"; };
		142E4DAE131C0EBF009C5F03 /* LoaderAppDelegate.h */ = {isa = PBXFileReference; lastKnownFileType = sourcecode.c.h; path = LoaderAppDelegate.h; sourceTree = "<group>"; };
		142E4DAF131C0EBF009C5F03 /* LoaderAppDelegate.m */ = {isa = PBXFileReference; lastKnownFileType = sourcecode.c.objc; path = LoaderAppDelegate.m; sourceTree = "<group>"; };
		142E4DB2131C0EBF009C5F03 /* en */ = {isa = PBXFileReference; lastKnownFileType = file.xib; name = en; path = en.lproj/MainWindow.xib; sourceTree = "<group>"; };
		142E4DB4131C0EBF009C5F03 /* LoaderViewController.h */ = {isa = PBXFileReference; lastKnownFileType = sourcecode.c.h; path = LoaderViewController.h; sourceTree = "<group>"; };
		142E4DB5131C0EBF009C5F03 /* LoaderViewController.m */ = {isa = PBXFileReference; lastKnownFileType = sourcecode.c.objc; path = LoaderViewController.m; sourceTree = "<group>"; };
		142E4DB8131C0EBF009C5F03 /* en */ = {isa = PBXFileReference; lastKnownFileType = file.xib; name = en; path = en.lproj/LoaderViewController.xib; sourceTree = "<group>"; };
		142E4DC8131C0F59009C5F03 /* GLView.h */ = {isa = PBXFileReference; fileEncoding = 4; lastKnownFileType = sourcecode.c.h; path = GLView.h; sourceTree = "<group>"; };
		142E4DC9131C0F59009C5F03 /* GLView.m */ = {isa = PBXFileReference; fileEncoding = 4; lastKnownFileType = sourcecode.c.objc; path = GLView.m; sourceTree = "<group>"; };
		142E4DCA131C0F59009C5F03 /* MyGLView.h */ = {isa = PBXFileReference; fileEncoding = 4; lastKnownFileType = sourcecode.c.h; path = MyGLView.h; sourceTree = "<group>"; };
		142E4DCB131C0F59009C5F03 /* MyGLView.m */ = {isa = PBXFileReference; fileEncoding = 4; lastKnownFileType = sourcecode.c.objc; path = MyGLView.m; sourceTree = "<group>"; };
		142E4DCD131C0F59009C5F03 /* ConstantsAndMacros.h */ = {isa = PBXFileReference; fileEncoding = 4; lastKnownFileType = sourcecode.c.h; path = ConstantsAndMacros.h; sourceTree = "<group>"; };
		142E4DCE131C0F59009C5F03 /* OpenGLTexture3D.h */ = {isa = PBXFileReference; fileEncoding = 4; lastKnownFileType = sourcecode.c.h; path = OpenGLTexture3D.h; sourceTree = "<group>"; };
		142E4DCF131C0F59009C5F03 /* OpenGLTexture3D.m */ = {isa = PBXFileReference; fileEncoding = 4; lastKnownFileType = sourcecode.c.objc; path = OpenGLTexture3D.m; sourceTree = "<group>"; };
		142E4DD0131C0F59009C5F03 /* OpenGLWaveFrontCommon.h */ = {isa = PBXFileReference; fileEncoding = 4; lastKnownFileType = sourcecode.c.h; path = OpenGLWaveFrontCommon.h; sourceTree = "<group>"; };
		142E4DD1131C0F59009C5F03 /* OpenGLWaveFrontGroup.h */ = {isa = PBXFileReference; fileEncoding = 4; lastKnownFileType = sourcecode.c.h; path = OpenGLWaveFrontGroup.h; sourceTree = "<group>"; };
		142E4DD2131C0F59009C5F03 /* OpenGLWaveFrontGroup.m */ = {isa = PBXFileReference; fileEncoding = 4; lastKnownFileType = sourcecode.c.objc; path = OpenGLWaveFrontGroup.m; sourceTree = "<group>"; };
		142E4DD3131C0F59009C5F03 /* OpenGLWaveFrontMaterial.h */ = {isa = PBXFileReference; fileEncoding = 4; lastKnownFileType = sourcecode.c.h; path = OpenGLWaveFrontMaterial.h; sourceTree = "<group>"; };
		142E4DD4131C0F59009C5F03 /* OpenGLWaveFrontMaterial.m */ = {isa = PBXFileReference; fileEncoding = 4; lastKnownFileType = sourcecode.c.objc; path = OpenGLWaveFrontMaterial.m; sourceTree = "<group>"; };
		142E4DD5131C0F59009C5F03 /* OpenGLWaveFrontObject.h */ = {isa = PBXFileReference; fileEncoding = 4; lastKnownFileType = sourcecode.c.h; path = OpenGLWaveFrontObject.h; sourceTree = "<group>"; };
		142E4DD6131C0F59009C5F03 /* OpenGLWaveFrontObject.m */ = {isa = PBXFileReference; fileEncoding = 4; lastKnownFileType = sourcecode.c.objc; path = OpenGLWaveFrontObject.m; sourceTree = "<group>"; };
		142E4DEA131C1067009C5F03 /* OpenGLES.framework */ = {isa = PBXFileReference; lastKnownFileType = wrapper.framework; name = OpenGLES.framework; path = System/Library/Frameworks/OpenGLES.framework; sourceTree = SDKROOT; };
		142E4DEC131C106E009C5F03 /* QuartzCore.framework */ = {isa = PBXFileReference; lastKnownFileType = wrapper.framework; name = QuartzCore.framework; path = System/Library/Frameworks/QuartzCore.framework; sourceTree = SDKROOT; };
/* End PBXFileReference section */

/* Begin PBXFrameworksBuildPhase section */
		142E4D98131C0EBF009C5F03 /* Frameworks */ = {
			isa = PBXFrameworksBuildPhase;
			buildActionMask = 2147483647;
			files = (
				142E4DED131C106E009C5F03 /* QuartzCore.framework in Frameworks */,
				142E4DEB131C1067009C5F03 /* OpenGLES.framework in Frameworks */,
				142E4DA0131C0EBF009C5F03 /* UIKit.framework in Frameworks */,
				142E4DA2131C0EBF009C5F03 /* Foundation.framework in Frameworks */,
				142E4DA4131C0EBF009C5F03 /* CoreGraphics.framework in Frameworks */,
			);
			runOnlyForDeploymentPostprocessing = 0;
		};
/* End PBXFrameworksBuildPhase section */

/* Begin PBXGroup section */
		142E4D90131C0EBF009C5F03 = {
			isa = PBXGroup;
			children = (
				142E4DEC131C106E009C5F03 /* QuartzCore.framework */,
				142E4DEA131C1067009C5F03 /* OpenGLES.framework */,
				142E4DC7131C0F59009C5F03 /* GL */,
				142E4DCC131C0F59009C5F03 /* WaveFrontObject */,
				142E4DA5131C0EBF009C5F03 /* Loader */,
				142E4D9E131C0EBF009C5F03 /* Frameworks */,
				142E4D9C131C0EBF009C5F03 /* Products */,
			);
			sourceTree = "<group>";
		};
		142E4D9C131C0EBF009C5F03 /* Products */ = {
			isa = PBXGroup;
			children = (
				142E4D9B131C0EBF009C5F03 /* Loader.app */,
			);
			name = Products;
			sourceTree = "<group>";
		};
		142E4D9E131C0EBF009C5F03 /* Frameworks */ = {
			isa = PBXGroup;
			children = (
				142E4D9F131C0EBF009C5F03 /* UIKit.framework */,
				142E4DA1131C0EBF009C5F03 /* Foundation.framework */,
				142E4DA3131C0EBF009C5F03 /* CoreGraphics.framework */,
			);
			name = Frameworks;
			sourceTree = "<group>";
		};
		142E4DA5131C0EBF009C5F03 /* Loader */ = {
			isa = PBXGroup;
			children = (
				142E4DAE131C0EBF009C5F03 /* LoaderAppDelegate.h */,
				142E4DAF131C0EBF009C5F03 /* LoaderAppDelegate.m */,
				142E4DB1131C0EBF009C5F03 /* MainWindow.xib */,
				142E4DB4131C0EBF009C5F03 /* LoaderViewController.h */,
				142E4DB5131C0EBF009C5F03 /* LoaderViewController.m */,
				142E4DB7131C0EBF009C5F03 /* LoaderViewController.xib */,
				142E4DA6131C0EBF009C5F03 /* Supporting Files */,
			);
			path = Loader;
			sourceTree = "<group>";
		};
		142E4DA6131C0EBF009C5F03 /* Supporting Files */ = {
			isa = PBXGroup;
			children = (
				142E4DA7131C0EBF009C5F03 /* Loader-Info.plist */,
				142E4DA8131C0EBF009C5F03 /* InfoPlist.strings */,
				142E4DAB131C0EBF009C5F03 /* Loader-Prefix.pch */,
				142E4DAC131C0EBF009C5F03 /* main.m */,
			);
			name = "Supporting Files";
			sourceTree = "<group>";
		};
		142E4DC7131C0F59009C5F03 /* GL */ = {
			isa = PBXGroup;
			children = (
				142E4DC8131C0F59009C5F03 /* GLView.h */,
				142E4DC9131C0F59009C5F03 /* GLView.m */,
				142E4DCA131C0F59009C5F03 /* MyGLView.h */,
				142E4DCB131C0F59009C5F03 /* MyGLView.m */,
			);
			name = GL;
			path = Loader/GL;
			sourceTree = "<group>";
		};
		142E4DCC131C0F59009C5F03 /* WaveFrontObject */ = {
			isa = PBXGroup;
			children = (
				142E4DCD131C0F59009C5F03 /* ConstantsAndMacros.h */,
				142E4DCE131C0F59009C5F03 /* OpenGLTexture3D.h */,
				142E4DCF131C0F59009C5F03 /* OpenGLTexture3D.m */,
				142E4DD0131C0F59009C5F03 /* OpenGLWaveFrontCommon.h */,
				142E4DD1131C0F59009C5F03 /* OpenGLWaveFrontGroup.h */,
				142E4DD2131C0F59009C5F03 /* OpenGLWaveFrontGroup.m */,
				142E4DD3131C0F59009C5F03 /* OpenGLWaveFrontMaterial.h */,
				142E4DD4131C0F59009C5F03 /* OpenGLWaveFrontMaterial.m */,
				142E4DD5131C0F59009C5F03 /* OpenGLWaveFrontObject.h */,
				142E4DD6131C0F59009C5F03 /* OpenGLWaveFrontObject.m */,
			);
			name = WaveFrontObject;
			path = Loader/WaveFrontObject;
			sourceTree = "<group>";
		};
/* End PBXGroup section */

/* Begin PBXNativeTarget section */
		142E4D9A131C0EBF009C5F03 /* Loader */ = {
			isa = PBXNativeTarget;
			buildConfigurationList = 142E4DBC131C0EBF009C5F03 /* Build configuration list for PBXNativeTarget "Loader" */;
			buildPhases = (
				142E4D97131C0EBF009C5F03 /* Sources */,
				142E4D98131C0EBF009C5F03 /* Frameworks */,
				142E4D99131C0EBF009C5F03 /* Resources */,
			);
			buildRules = (
			);
			dependencies = (
			);
			name = Loader;
			productName = Loader;
			productReference = 142E4D9B131C0EBF009C5F03 /* Loader.app */;
			productType = "com.apple.product-type.application";
		};
/* End PBXNativeTarget section */

/* Begin PBXProject section */
		142E4D92131C0EBF009C5F03 /* Project object */ = {
			isa = PBXProject;
			buildConfigurationList = 142E4D95131C0EBF009C5F03 /* Build configuration list for PBXProject "Loader" */;
			compatibilityVersion = "Xcode 3.2";
			developmentRegion = English;
			hasScannedForEncodings = 0;
			knownRegions = (
				en,
			);
			mainGroup = 142E4D90131C0EBF009C5F03;
			productRefGroup = 142E4D9C131C0EBF009C5F03 /* Products */;
			projectDirPath = "";
			projectRoot = "";
			targets = (
				142E4D9A131C0EBF009C5F03 /* Loader */,
			);
		};
/* End PBXProject section */

/* Begin PBXResourcesBuildPhase section */
		142E4D99131C0EBF009C5F03 /* Resources */ = {
			isa = PBXResourcesBuildPhase;
			buildActionMask = 2147483647;
			files = (
				142E4DAA131C0EBF009C5F03 /* InfoPlist.strings in Resources */,
				142E4DB3131C0EBF009C5F03 /* MainWindow.xib in Resources */,
				142E4DB9131C0EBF009C5F03 /* LoaderViewController.xib in Resources */,
			);
			runOnlyForDeploymentPostprocessing = 0;
		};
/* End PBXResourcesBuildPhase section */

/* Begin PBXSourcesBuildPhase section */
		142E4D97131C0EBF009C5F03 /* Sources */ = {
			isa = PBXSourcesBuildPhase;
			buildActionMask = 2147483647;
			files = (
				142E4DAD131C0EBF009C5F03 /* main.m in Sources */,
				142E4DB0131C0EBF009C5F03 /* LoaderAppDelegate.m in Sources */,
				142E4DB6131C0EBF009C5F03 /* LoaderViewController.m in Sources */,
				142E4DD9131C0F59009C5F03 /* GLView.m in Sources */,
				142E4DDA131C0F59009C5F03 /* MyGLView.m in Sources */,
				142E4DDB131C0F59009C5F03 /* OpenGLTexture3D.m in Sources */,
				142E4DDC131C0F59009C5F03 /* OpenGLWaveFrontGroup.m in Sources */,
				142E4DDD131C0F59009C5F03 /* OpenGLWaveFrontMaterial.m in Sources */,
				142E4DDE131C0F59009C5F03 /* OpenGLWaveFrontObject.m in Sources */,
			);
			runOnlyForDeploymentPostprocessing = 0;
		};
/* End PBXSourcesBuildPhase section */

/* Begin PBXVariantGroup section */
		142E4DA8131C0EBF009C5F03 /* InfoPlist.strings */ = {
			isa = PBXVariantGroup;
			children = (
				142E4DA9131C0EBF009C5F03 /* en */,
			);
			name = InfoPlist.strings;
			sourceTree = "<group>";
		};
		142E4DB1131C0EBF009C5F03 /* MainWindow.xib */ = {
			isa = PBXVariantGroup;
			children = (
				142E4DB2131C0EBF009C5F03 /* en */,
			);
			name = MainWindow.xib;
			sourceTree = "<group>";
		};
		142E4DB7131C0EBF009C5F03 /* LoaderViewController.xib */ = {
			isa = PBXVariantGroup;
			children = (
				142E4DB8131C0EBF009C5F03 /* en */,
			);
			name = LoaderViewController.xib;
			sourceTree = "<group>";
		};
/* End PBXVariantGroup section */

/* Begin XCBuildConfiguration section */
		142E4DBA131C0EBF009C5F03 /* Debug */ = {
			isa = XCBuildConfiguration;
			buildSettings = {
				ARCHS = "$(ARCHS_STANDARD_32_BIT)";
				"CODE_SIGN_IDENTITY[sdk=iphoneos*]" = "iPhone Developer";
				GCC_C_LANGUAGE_STANDARD = gnu99;
				GCC_OPTIMIZATION_LEVEL = 0;
				GCC_PREPROCESSOR_DEFINITIONS = DEBUG;
				GCC_VERSION = com.apple.compilers.llvmgcc42;
				GCC_WARN_ABOUT_RETURN_TYPE = YES;
				GCC_WARN_UNUSED_VARIABLE = YES;
				IPHONEOS_DEPLOYMENT_TARGET = 4.2;
				SDKROOT = iphoneos;
			};
			name = Debug;
		};
		142E4DBB131C0EBF009C5F03 /* Release */ = {
			isa = XCBuildConfiguration;
			buildSettings = {
				ARCHS = "$(ARCHS_STANDARD_32_BIT)";
				"CODE_SIGN_IDENTITY[sdk=iphoneos*]" = "iPhone Developer";
				GCC_C_LANGUAGE_STANDARD = gnu99;
				GCC_VERSION = com.apple.compilers.llvmgcc42;
				GCC_WARN_ABOUT_RETURN_TYPE = YES;
				GCC_WARN_UNUSED_VARIABLE = YES;
				IPHONEOS_DEPLOYMENT_TARGET = 4.2;
				OTHER_CFLAGS = "-DNS_BLOCK_ASSERTIONS=1";
				SDKROOT = iphoneos;
			};
			name = Release;
		};
		142E4DBD131C0EBF009C5F03 /* Debug */ = {
			isa = XCBuildConfiguration;
			buildSettings = {
				ALWAYS_SEARCH_USER_PATHS = NO;
				COPY_PHASE_STRIP = NO;
				GCC_DYNAMIC_NO_PIC = NO;
				GCC_PRECOMPILE_PREFIX_HEADER = YES;
				GCC_PREFIX_HEADER = "Loader/Loader-Prefix.pch";
				INFOPLIST_FILE = "Loader/Loader-Info.plist";
				INSTALL_PATH = "$(LOCAL_APPS_DIR)";
				PRODUCT_NAME = "$(TARGET_NAME)";
				WRAPPER_EXTENSION = app;
			};
			name = Debug;
		};
		142E4DBE131C0EBF009C5F03 /* Release */ = {
			isa = XCBuildConfiguration;
			buildSettings = {
				ALWAYS_SEARCH_USER_PATHS = NO;
				COPY_PHASE_STRIP = YES;
				GCC_PRECOMPILE_PREFIX_HEADER = YES;
				GCC_PREFIX_HEADER = "Loader/Loader-Prefix.pch";
				INFOPLIST_FILE = "Loader/Loader-Info.plist";
				INSTALL_PATH = "$(LOCAL_APPS_DIR)";
				PRODUCT_NAME = "$(TARGET_NAME)";
				VALIDATE_PRODUCT = YES;
				WRAPPER_EXTENSION = app;
			};
			name = Release;
		};
/* End XCBuildConfiguration section */

/* Begin XCConfigurationList section */
		142E4D95131C0EBF009C5F03 /* Build configuration list for PBXProject "Loader" */ = {
			isa = XCConfigurationList;
			buildConfigurations = (
				142E4DBA131C0EBF009C5F03 /* Debug */,
				142E4DBB131C0EBF009C5F03 /* Release */,
			);
			defaultConfigurationIsVisible = 0;
			defaultConfigurationName = Release;
		};
		142E4DBC131C0EBF009C5F03 /* Build configuration list for PBXNativeTarget "Loader" */ = {
			isa = XCConfigurationList;
			buildConfigurations = (
				142E4DBD131C0EBF009C5F03 /* Debug */,
				142E4DBE131C0EBF009C5F03 /* Release */,
			);
			defaultConfigurationIsVisible = 0;
			defaultConfigurationName = Release;
		};
/* End XCConfigurationList section */
	};
	rootObject = 142E4D92131C0EBF009C5F03 /* Project object */;
}
